
Microsoft Visual Studio Solution File, Format Version 12.00
Project("{FAE04EC0-301F-11D3-BF4B-00C04F79EFBC}") = "EventFlow", "EventFlow\EventFlow.csproj", "{8DA77968-5661-41AC-8B5A-FAE7992BC25A}"
EndProject
Project("{FAE04EC0-301F-11D3-BF4B-00C04F79EFBC}") = "EventFlow.Test", "EventFlow.Test\EventFlow.Test.csproj", "{94E050BF-BBD1-4082-928E-9E1FE40A7AF5}"
EndProject
Global
	GlobalSection(SolutionConfigurationPlatforms) = preSolution
		Debug|Any CPU = Debug|Any CPU
		Release|Any CPU = Release|Any CPU
	EndGlobalSection
	GlobalSection(ProjectConfigurationPlatforms) = postSolution
		{8DA77968-5661-41AC-8B5A-FAE7992BC25A}.Debug|Any CPU.ActiveCfg = Debug|Any CPU
		{8DA77968-5661-41AC-8B5A-FAE7992BC25A}.Debug|Any CPU.Build.0 = Debug|Any CPU
		{8DA77968-5661-41AC-8B5A-FAE7992BC25A}.Release|Any CPU.ActiveCfg = Release|Any CPU
		{8DA77968-5661-41AC-8B5A-FAE7992BC25A}.Release|Any CPU.Build.0 = Release|Any CPU
		{94E050BF-BBD1-4082-928E-9E1FE40A7AF5}.Debug|Any CPU.ActiveCfg = Debug|Any CPU
		{94E050BF-BBD1-4082-928E-9E1FE40A7AF5}.Debug|Any CPU.Build.0 = Debug|Any CPU
		{94E050BF-BBD1-4082-928E-9E1FE40A7AF5}.Release|Any CPU.ActiveCfg = Release|Any CPU
		{94E050BF-BBD1-4082-928E-9E1FE40A7AF5}.Release|Any CPU.Build.0 = Release|Any CPU
	EndGlobalSection
EndGlobal
